
Microsoft Visual Studio Solution File, Format Version 12.00
# Visual Studio 15
VisualStudioVersion = 15.0.27004.2010
MinimumVisualStudioVersion = 10.0.40219.1
Project("{FAE04EC0-301F-11D3-BF4B-00C04F79EFBC}") = "MTG Collection Tracker", "MTG Collection Tracker\MTG Collection Tracker.csproj", "{8ABE8061-8692-4D31-B515-5A450E317631}"
EndProject
Project("{FAE04EC0-301F-11D3-BF4B-00C04F79EFBC}") = "BlockProgressBar", "BlockProgressBar\BlockProgressBar.csproj", "{341BF109-563F-4D39-8641-67165526A6BF}"
EndProject
Project("{FAE04EC0-301F-11D3-BF4B-00C04F79EFBC}") = "EnhancedTextBox", "EnhancedTextBox\EnhancedTextBox.csproj", "{AB4E6C08-149B-4D93-A5E1-8D1D74F4C6F1}"
EndProject
Project("{FAE04EC0-301F-11D3-BF4B-00C04F79EFBC}") = "FlatButton", "FlatButton\FlatButton.csproj", "{0D1FFA41-BE90-4C8A-AEBD-7A9F33432219}"
EndProject
Global
	GlobalSection(SolutionConfigurationPlatforms) = preSolution
		Debug|Any CPU = Debug|Any CPU
		Release|Any CPU = Release|Any CPU
	EndGlobalSection
	GlobalSection(ProjectConfigurationPlatforms) = postSolution
		{8ABE8061-8692-4D31-B515-5A450E317631}.Debug|Any CPU.ActiveCfg = Debug|Any CPU
		{8ABE8061-8692-4D31-B515-5A450E317631}.Debug|Any CPU.Build.0 = Debug|Any CPU
		{8ABE8061-8692-4D31-B515-5A450E317631}.Release|Any CPU.ActiveCfg = Release|Any CPU
		{8ABE8061-8692-4D31-B515-5A450E317631}.Release|Any CPU.Build.0 = Release|Any CPU
		{341BF109-563F-4D39-8641-67165526A6BF}.Debug|Any CPU.ActiveCfg = Debug|Any CPU
		{341BF109-563F-4D39-8641-67165526A6BF}.Debug|Any CPU.Build.0 = Debug|Any CPU
		{341BF109-563F-4D39-8641-67165526A6BF}.Release|Any CPU.ActiveCfg = Release|Any CPU
		{341BF109-563F-4D39-8641-67165526A6BF}.Release|Any CPU.Build.0 = Release|Any CPU
		{AB4E6C08-149B-4D93-A5E1-8D1D74F4C6F1}.Debug|Any CPU.ActiveCfg = Debug|Any CPU
		{AB4E6C08-149B-4D93-A5E1-8D1D74F4C6F1}.Debug|Any CPU.Build.0 = Debug|Any CPU
		{AB4E6C08-149B-4D93-A5E1-8D1D74F4C6F1}.Release|Any CPU.ActiveCfg = Release|Any CPU
		{AB4E6C08-149B-4D93-A5E1-8D1D74F4C6F1}.Release|Any CPU.Build.0 = Release|Any CPU
		{0D1FFA41-BE90-4C8A-AEBD-7A9F33432219}.Debug|Any CPU.ActiveCfg = Debug|Any CPU
		{0D1FFA41-BE90-4C8A-AEBD-7A9F33432219}.Debug|Any CPU.Build.0 = Debug|Any CPU
		{0D1FFA41-BE90-4C8A-AEBD-7A9F33432219}.Release|Any CPU.ActiveCfg = Release|Any CPU
		{0D1FFA41-BE90-4C8A-AEBD-7A9F33432219}.Release|Any CPU.Build.0 = Release|Any CPU
	EndGlobalSection
	GlobalSection(SolutionProperties) = preSolution
		HideSolutionNode = FALSE
	EndGlobalSection
	GlobalSection(ExtensibilityGlobals) = postSolution
		SolutionGuid = {30BC8674-CC40-4384-A6C9-2F420F41FD53}
	EndGlobalSection
EndGlobal
